uuid: ee6c908f-0fb6-4e59-9076-7560a1a009de
langcode: en
status: true
dependencies:
  module:
    - as_book
    - node
    - user
  theme:
    - bootstrap
id: bookreservationblock
theme: bootstrap
region: sidebar_second
weight: -7
provider: null
plugin: book_reservation_block
settings:
  id: book_reservation_block
  label: 'Réserver ce livre : '
  provider: as_book
  label_display: visible
visibility:
  node_type:
    id: node_type
    bundles:
      book: book
    negate: false
    context_mapping:
      node: '@node.node_route_context:node'
  user_role:
    id: user_role
    roles:
      authenticated: authenticated
    negate: false
    context_mapping:
      user: '@user.current_user_context:current_user'
